PODS:
  - Alamofire (5.4.1)
  - ProgressHUD (13.4)

DEPENDENCIES:
  - Alamofire
  - ProgressHUD

SPEC REPOS:
  trunk:
    - Alamofire
    - ProgressHUD

SPEC CHECKSUMS:
  Alamofire: 2291f7d21ca607c491dd17642e5d40fdcda0e65c
  ProgressHUD: 137a7fc677487c5581668f4490563124fb35c232

PODFILE CHECKSUM: 0c3e9e69a4321623ca9cff67356cd827655ba012

COCOAPODS: 1.10.0
